
Microsoft Visual Studio Solution File, Format Version 12.00
# Visual Studio Version 17
VisualStudioVersion = 17.5.33627.172
MinimumVisualStudioVersion = 10.0.40219.1
Project("{FAE04EC0-301F-11D3-BF4B-00C04F79EFBC}") = "Factory", "Factory\Factory.csproj", "{6D945628-DF4E-4DE3-99F6-B34E3DCE9C67}"
EndProject
Global
	GlobalSection(SolutionConfigurationPlatforms) = preSolution
		Debug|Any CPU = Debug|Any CPU
		Release|Any CPU = Release|Any CPU
	EndGlobalSection
	GlobalSection(ProjectConfigurationPlatforms) = postSolution
		{6D945628-DF4E-4DE3-99F6-B34E3DCE9C67}.Debug|Any CPU.ActiveCfg = Debug|Any CPU
		{6D945628-DF4E-4DE3-99F6-B34E3DCE9C67}.Debug|Any CPU.Build.0 = Debug|Any CPU
		{6D945628-DF4E-4DE3-99F6-B34E3DCE9C67}.Release|Any CPU.ActiveCfg = Release|Any CPU
		{6D945628-DF4E-4DE3-99F6-B34E3DCE9C67}.Release|Any CPU.Build.0 = Release|Any CPU
	EndGlobalSection
	GlobalSection(SolutionProperties) = preSolution
		HideSolutionNode = FALSE
	EndGlobalSection
	GlobalSection(ExtensibilityGlobals) = postSolution
		SolutionGuid = {2E86F317-5737-4E3A-AAA9-21B8434D0A3F}
	EndGlobalSection
EndGlobal
